
Microsoft Visual Studio Solution File, Format Version 12.00
# Visual Studio 2013
VisualStudioVersion = 12.0.40629.0
MinimumVisualStudioVersion = 10.0.40219.1
Project("{FAE04EC0-301F-11D3-BF4B-00C04F79EFBC}") = "ChateauEntity", "Web2PrintModel\ChateauEntity.csproj", "{DB4FE651-5E1C-47F2-901C-04164E69ACD8}"
EndProject
Project("{FAE04EC0-301F-11D3-BF4B-00C04F79EFBC}") = "ChateauSiteFlowApp", "UnitTester\ChateauSiteFlowApp.csproj", "{8E954C51-F1EA-49F4-95B4-C20C6922B698}"
EndProject
Project("{FAE04EC0-301F-11D3-BF4B-00C04F79EFBC}") = "SiteFlowHelper", "SiteFlowHelper\SiteFlowHelper.csproj", "{523E54F3-A8D2-4C12-AD86-BDB463D28210}"
EndProject
Project("{FAE04EC0-301F-11D3-BF4B-00C04F79EFBC}") = "ChateauOrderHelper", "ChateauOrderHelper\ChateauOrderHelper.csproj", "{425747A3-0035-4DFE-8A74-A4A5A418CED2}"
EndProject
Global
	GlobalSection(TeamFoundationVersionControl) = preSolution
		SccNumberOfProjects = 5
		SccEnterpriseProvider = {4CA58AB2-18FA-4F8D-95D4-32DDF27D184C}
		SccTeamFoundationServer = https://thecolourhub.visualstudio.com/
		SccLocalPath0 = .
		SccProjectUniqueName1 = ChateauOrderHelper\\ChateauOrderHelper.csproj
		SccProjectName1 = ChateauOrderHelper
		SccLocalPath1 = ChateauOrderHelper
		SccProjectUniqueName2 = SiteFlowHelper\\SiteFlowHelper.csproj
		SccProjectName2 = SiteFlowHelper
		SccLocalPath2 = SiteFlowHelper
		SccProjectUniqueName3 = UnitTester\\ChateauSiteFlowApp.csproj
		SccProjectName3 = UnitTester
		SccLocalPath3 = UnitTester
		SccProjectUniqueName4 = Web2PrintModel\\ChateauEntity.csproj
		SccProjectName4 = Web2PrintModel
		SccLocalPath4 = Web2PrintModel
	EndGlobalSection
	GlobalSection(SolutionConfigurationPlatforms) = preSolution
		Debug|Any CPU = Debug|Any CPU
		Release|Any CPU = Release|Any CPU
	EndGlobalSection
	GlobalSection(ProjectConfigurationPlatforms) = postSolution
		{DB4FE651-5E1C-47F2-901C-04164E69ACD8}.Debug|Any CPU.ActiveCfg = Debug|Any CPU
		{DB4FE651-5E1C-47F2-901C-04164E69ACD8}.Debug|Any CPU.Build.0 = Debug|Any CPU
		{DB4FE651-5E1C-47F2-901C-04164E69ACD8}.Release|Any CPU.ActiveCfg = Release|Any CPU
		{DB4FE651-5E1C-47F2-901C-04164E69ACD8}.Release|Any CPU.Build.0 = Release|Any CPU
		{8E954C51-F1EA-49F4-95B4-C20C6922B698}.Debug|Any CPU.ActiveCfg = Debug|Any CPU
		{8E954C51-F1EA-49F4-95B4-C20C6922B698}.Debug|Any CPU.Build.0 = Debug|Any CPU
		{8E954C51-F1EA-49F4-95B4-C20C6922B698}.Release|Any CPU.ActiveCfg = Release|Any CPU
		{8E954C51-F1EA-49F4-95B4-C20C6922B698}.Release|Any CPU.Build.0 = Release|Any CPU
		{523E54F3-A8D2-4C12-AD86-BDB463D28210}.Debug|Any CPU.ActiveCfg = Debug|Any CPU
		{523E54F3-A8D2-4C12-AD86-BDB463D28210}.Debug|Any CPU.Build.0 = Debug|Any CPU
		{523E54F3-A8D2-4C12-AD86-BDB463D28210}.Release|Any CPU.ActiveCfg = Release|Any CPU
		{523E54F3-A8D2-4C12-AD86-BDB463D28210}.Release|Any CPU.Build.0 = Release|Any CPU
		{425747A3-0035-4DFE-8A74-A4A5A418CED2}.Debug|Any CPU.ActiveCfg = Debug|Any CPU
		{425747A3-0035-4DFE-8A74-A4A5A418CED2}.Debug|Any CPU.Build.0 = Debug|Any CPU
		{425747A3-0035-4DFE-8A74-A4A5A418CED2}.Release|Any CPU.ActiveCfg = Release|Any CPU
		{425747A3-0035-4DFE-8A74-A4A5A418CED2}.Release|Any CPU.Build.0 = Release|Any CPU
	EndGlobalSection
	GlobalSection(SolutionProperties) = preSolution
		HideSolutionNode = FALSE
	EndGlobalSection
EndGlobal
